
Microsoft Visual Studio Solution File, Format Version 12.00
# Visual Studio Version 16
VisualStudioVersion = 16.0.30204.135
MinimumVisualStudioVersion = 10.0.40219.1
Project("{FAE04EC0-301F-11D3-BF4B-00C04F79EFBC}") = "RockPaperScissors", "RockPaperScissors\RockPaperScissors.csproj", "{A97F38BD-DDF5-413A-822E-108E499C1CB2}"
EndProject
Global
	GlobalSection(SolutionConfigurationPlatforms) = preSolution
		Debug|Any CPU = Debug|Any CPU
		Release|Any CPU = Release|Any CPU
	EndGlobalSection
	GlobalSection(ProjectConfigurationPlatforms) = postSolution
		{A97F38BD-DDF5-413A-822E-108E499C1CB2}.Debug|Any CPU.ActiveCfg = Debug|Any CPU
		{A97F38BD-DDF5-413A-822E-108E499C1CB2}.Debug|Any CPU.Build.0 = Debug|Any CPU
		{A97F38BD-DDF5-413A-822E-108E499C1CB2}.Release|Any CPU.ActiveCfg = Release|Any CPU
		{A97F38BD-DDF5-413A-822E-108E499C1CB2}.Release|Any CPU.Build.0 = Release|Any CPU
	EndGlobalSection
	GlobalSection(SolutionProperties) = preSolution
		HideSolutionNode = FALSE
	EndGlobalSection
	GlobalSection(ExtensibilityGlobals) = postSolution
		SolutionGuid = {0810C51E-0606-424E-8386-0EBE314CC494}
	EndGlobalSection
EndGlobal
